
Microsoft Visual Studio Solution File, Format Version 12.00
# Visual Studio Version 16
VisualStudioVersion = 16.0.30907.101
MinimumVisualStudioVersion = 10.0.40219.1
Project("{FAE04EC0-301F-11D3-BF4B-00C04F79EFBC}") = "phuongtrinh bac1", "phuongtrinh bac1\phuongtrinh bac1.csproj", "{770C10E3-37F0-4928-9157-3E21A8FDAEE9}"
EndProject
Global
	GlobalSection(SolutionConfigurationPlatforms) = preSolution
		Debug|Any CPU = Debug|Any CPU
		Release|Any CPU = Release|Any CPU
	EndGlobalSection
	GlobalSection(ProjectConfigurationPlatforms) = postSolution
		{770C10E3-37F0-4928-9157-3E21A8FDAEE9}.Debug|Any CPU.ActiveCfg = Debug|Any CPU
		{770C10E3-37F0-4928-9157-3E21A8FDAEE9}.Debug|Any CPU.Build.0 = Debug|Any CPU
		{770C10E3-37F0-4928-9157-3E21A8FDAEE9}.Release|Any CPU.ActiveCfg = Release|Any CPU
		{770C10E3-37F0-4928-9157-3E21A8FDAEE9}.Release|Any CPU.Build.0 = Release|Any CPU
	EndGlobalSection
	GlobalSection(SolutionProperties) = preSolution
		HideSolutionNode = FALSE
	EndGlobalSection
	GlobalSection(ExtensibilityGlobals) = postSolution
		SolutionGuid = {073BF5F2-5F83-4049-ACD0-79B29A224682}
	EndGlobalSection
EndGlobal
