
Microsoft Visual Studio Solution File, Format Version 12.00
# Visual Studio Version 16
VisualStudioVersion = 16.0.30907.101
MinimumVisualStudioVersion = 10.0.40219.1
Project("{FAE04EC0-301F-11D3-BF4B-00C04F79EFBC}") = "ThuNhap", "ThuNhap\ThuNhap.csproj", "{3744DC47-1A05-4A42-8B53-FC4E2C723374}"
EndProject
Global
	GlobalSection(SolutionConfigurationPlatforms) = preSolution
		Debug|Any CPU = Debug|Any CPU
		Release|Any CPU = Release|Any CPU
	EndGlobalSection
	GlobalSection(ProjectConfigurationPlatforms) = postSolution
		{3744DC47-1A05-4A42-8B53-FC4E2C723374}.Debug|Any CPU.ActiveCfg = Debug|Any CPU
		{3744DC47-1A05-4A42-8B53-FC4E2C723374}.Debug|Any CPU.Build.0 = Debug|Any CPU
		{3744DC47-1A05-4A42-8B53-FC4E2C723374}.Release|Any CPU.ActiveCfg = Release|Any CPU
		{3744DC47-1A05-4A42-8B53-FC4E2C723374}.Release|Any CPU.Build.0 = Release|Any CPU
	EndGlobalSection
	GlobalSection(SolutionProperties) = preSolution
		HideSolutionNode = FALSE
	EndGlobalSection
	GlobalSection(ExtensibilityGlobals) = postSolution
		SolutionGuid = {88512975-1644-4862-8684-94A1F2E6FEF8}
	EndGlobalSection
EndGlobal
